// !$*UTF8*$!
{
	archiveVersion = 1;
	classes = {
	};
	objectVersion = 46;
	objects = {

/* Begin PBXBuildFile section */
		B73DFEC71591C67A009E92BD /* UIKit.framework in Frameworks */ = {isa = PBXBuildFile; fileRef = B73DFEC61591C67A009E92BD /* UIKit.framework */; };
		B73DFEC91591C67A009E92BD /* Foundation.framework in Frameworks */ = {isa = PBXBuildFile; fileRef = B73DFEC81591C67A009E92BD /* Foundation.framework */; };
		B73DFECB1591C67A009E92BD /* CoreGraphics.framework in Frameworks */ = {isa = PBXBuildFile; fileRef = B73DFECA1591C67A009E92BD /* CoreGraphics.framework */; };
		B73DFED11591C67A009E92BD /* InfoPlist.strings in Resources */ = {isa = PBXBuildFile; fileRef = B73DFECF1591C67A009E92BD /* InfoPlist.strings */; };
		B73DFED31591C67A009E92BD /* main.m in Sources */ = {isa = PBXBuildFile; fileRef = B73DFED21591C67A009E92BD /* main.m */; };
		B73DFED71591C67A009E92BD /* THAppDelegate.m in Sources */ = {isa = PBXBuildFile; fileRef = B73DFED61591C67A009E92BD /* THAppDelegate.m */; };
		B73DFEDA1591C67A009E92BD /* MainStoryboard.storyboard in Resources */ = {isa = PBXBuildFile; fileRef = B73DFED81591C67A009E92BD /* MainStoryboard.storyboard */; };
		B73DFEDD1591C67A009E92BD /* THViewController.m in Sources */ = {isa = PBXBuildFile; fileRef = B73DFEDC1591C67A009E92BD /* THViewController.m */; };
		B73DFEE81591C80D009E92BD /* GameKit.framework in Frameworks */ = {isa = PBXBuildFile; fileRef = B73DFEE71591C80D009E92BD /* GameKit.framework */; };
		B73DFEEB1591C860009E92BD /* GCHelper.m in Sources */ = {isa = PBXBuildFile; fileRef = B73DFEEA1591C860009E92BD /* GCHelper.m */; };
		B73DFEEE1591C8B8009E92BD /* GameController.m in Sources */ = {isa = PBXBuildFile; fileRef = B73DFEED1591C8B8009E92BD /* GameController.m */; };
		B73DFEF11591CA6D009E92BD /* Player.m in Sources */ = {isa = PBXBuildFile; fileRef = B73DFEF01591CA6D009E92BD /* Player.m */; };
/* End PBXBuildFile section */

/* Begin PBXFileReference section */
		B73DFEC21591C67A009E92BD /* TH.app */ = {isa = PBXFileReference; explicitFileType = wrapper.application; includeInIndex = 0; path = TH.app; sourceTree = BUILT_PRODUCTS_DIR; };
		B73DFEC61591C67A009E92BD /* UIKit.framework */ = {isa = PBXFileReference; lastKnownFileType = wrapper.framework; name = UIKit.framework; path = System/Library/Frameworks/UIKit.framework; sourceTree = SDKROOT; };
		B73DFEC81591C67A009E92BD /* Foundation.framework */ = {isa = PBXFileReference; lastKnownFileType = wrapper.framework; name = Foundation.framework; path = System/Library/Frameworks/Foundation.framework; sourceTree = SDKROOT; };
		B73DFECA1591C67A009E92BD /* CoreGraphics.framework */ = {isa = PBXFileReference; lastKnownFileType = wrapper.framework; name = CoreGraphics.framework; path = System/Library/Frameworks/CoreGraphics.framework; sourceTree = SDKROOT; };
		B73DFECE1591C67A009E92BD /* TH-Info.plist */ = {isa = PBXFileReference; lastKnownFileType = text.plist.xml; path = "TH-Info.plist"; sourceTree = "<group>"; };
		B73DFED01591C67A009E92BD /* en */ = {isa = PBXFileReference; lastKnownFileType = text.plist.strings; name = en; path = en.lproj/InfoPlist.strings; sourceTree = "<group>"; };
		B73DFED21591C67A009E92BD /* main.m */ = {isa = PBXFileReference; lastKnownFileType = sourcecode.c.objc; path = main.m; sourceTree = "<group>"; };
		B73DFED41591C67A009E92BD /* TH-Prefix.pch */ = {isa = PBXFileReference; lastKnownFileType = sourcecode.c.h; path = "TH-Prefix.pch"; sourceTree = "<group>"; };
		B73DFED51591C67A009E92BD /* THAppDelegate.h */ = {isa = PBXFileReference; lastKnownFileType = sourcecode.c.h; path = THAppDelegate.h; sourceTree = "<group>"; };
		B73DFED61591C67A009E92BD /* THAppDelegate.m */ = {isa = PBXFileReference; lastKnownFileType = sourcecode.c.objc; path = THAppDelegate.m; sourceTree = "<group>"; };
		B73DFED91591C67A009E92BD /* en */ = {isa = PBXFileReference; lastKnownFileType = file.storyboard; name = en; path = en.lproj/MainStoryboard.storyboard; sourceTree = "<group>"; };
		B73DFEDB1591C67A009E92BD /* THViewController.h */ = {isa = PBXFileReference; lastKnownFileType = sourcecode.c.h; path = THViewController.h; sourceTree = "<group>"; };
		B73DFEDC1591C67A009E92BD /* THViewController.m */ = {isa = PBXFileReference; lastKnownFileType = sourcecode.c.objc; path = THViewController.m; sourceTree = "<group>"; };
		B73DFEE71591C80D009E92BD /* GameKit.framework */ = {isa = PBXFileReference; lastKnownFileType = wrapper.framework; name = GameKit.framework; path = System/Library/Frameworks/GameKit.framework; sourceTree = SDKROOT; };
		B73DFEE91591C860009E92BD /* GCHelper.h */ = {isa = PBXFileReference; fileEncoding = 4; lastKnownFileType = sourcecode.c.h; path = GCHelper.h; sourceTree = "<group>"; };
		B73DFEEA1591C860009E92BD /* GCHelper.m */ = {isa = PBXFileReference; fileEncoding = 4; lastKnownFileType = sourcecode.c.objc; path = GCHelper.m; sourceTree = "<group>"; };
		B73DFEEC1591C8B8009E92BD /* GameController.h */ = {isa = PBXFileReference; fileEncoding = 4; lastKnownFileType = sourcecode.c.h; path = GameController.h; sourceTree = "<group>"; };
		B73DFEED1591C8B8009E92BD /* GameController.m */ = {isa = PBXFileReference; fileEncoding = 4; lastKnownFileType = sourcecode.c.objc; path = GameController.m; sourceTree = "<group>"; };
		B73DFEEF1591CA6D009E92BD /* Player.h */ = {isa = PBXFileReference; fileEncoding = 4; lastKnownFileType = sourcecode.c.h; path = Player.h; sourceTree = "<group>"; };
		B73DFEF01591CA6D009E92BD /* Player.m */ = {isa = PBXFileReference; fileEncoding = 4; lastKnownFileType = sourcecode.c.objc; path = Player.m; sourceTree = "<group>"; };
/* End PBXFileReference section */

/* Begin PBXFrameworksBuildPhase section */
		B73DFEBF1591C67A009E92BD /* Frameworks */ = {
			isa = PBXFrameworksBuildPhase;
			buildActionMask = 2147483647;
			files = (
				B73DFEE81591C80D009E92BD /* GameKit.framework in Frameworks */,
				B73DFEC71591C67A009E92BD /* UIKit.framework in Frameworks */,
				B73DFEC91591C67A009E92BD /* Foundation.framework in Frameworks */,
				B73DFECB1591C67A009E92BD /* CoreGraphics.framework in Frameworks */,
			);
			runOnlyForDeploymentPostprocessing = 0;
		};
/* End PBXFrameworksBuildPhase section */

/* Begin PBXGroup section */
		B73DFEB71591C67A009E92BD = {
			isa = PBXGroup;
			children = (
				B73DFECC1591C67A009E92BD /* TH */,
				B73DFEC51591C67A009E92BD /* Frameworks */,
				B73DFEC31591C67A009E92BD /* Products */,
			);
			sourceTree = "<group>";
		};
		B73DFEC31591C67A009E92BD /* Products */ = {
			isa = PBXGroup;
			children = (
				B73DFEC21591C67A009E92BD /* TH.app */,
			);
			name = Products;
			sourceTree = "<group>";
		};
		B73DFEC51591C67A009E92BD /* Frameworks */ = {
			isa = PBXGroup;
			children = (
				B73DFEE71591C80D009E92BD /* GameKit.framework */,
				B73DFEC61591C67A009E92BD /* UIKit.framework */,
				B73DFEC81591C67A009E92BD /* Foundation.framework */,
				B73DFECA1591C67A009E92BD /* CoreGraphics.framework */,
			);
			name = Frameworks;
			sourceTree = "<group>";
		};
		B73DFECC1591C67A009E92BD /* TH */ = {
			isa = PBXGroup;
			children = (
				B73DFED51591C67A009E92BD /* THAppDelegate.h */,
				B73DFED61591C67A009E92BD /* THAppDelegate.m */,
				B73DFED81591C67A009E92BD /* MainStoryboard.storyboard */,
				B73DFEDB1591C67A009E92BD /* THViewController.h */,
				B73DFEDC1591C67A009E92BD /* THViewController.m */,
				B73DFEE91591C860009E92BD /* GCHelper.h */,
				B73DFEEA1591C860009E92BD /* GCHelper.m */,
				B73DFEEC1591C8B8009E92BD /* GameController.h */,
				B73DFEED1591C8B8009E92BD /* GameController.m */,
				B73DFEEF1591CA6D009E92BD /* Player.h */,
				B73DFEF01591CA6D009E92BD /* Player.m */,
				B73DFECD1591C67A009E92BD /* Supporting Files */,
			);
			path = TH;
			sourceTree = "<group>";
		};
		B73DFECD1591C67A009E92BD /* Supporting Files */ = {
			isa = PBXGroup;
			children = (
				B73DFECE1591C67A009E92BD /* TH-Info.plist */,
				B73DFECF1591C67A009E92BD /* InfoPlist.strings */,
				B73DFED21591C67A009E92BD /* main.m */,
				B73DFED41591C67A009E92BD /* TH-Prefix.pch */,
			);
			name = "Supporting Files";
			sourceTree = "<group>";
		};
/* End PBXGroup section */

/* Begin PBXNativeTarget section */
		B73DFEC11591C67A009E92BD /* TH */ = {
			isa = PBXNativeTarget;
			buildConfigurationList = B73DFEE01591C67A009E92BD /* Build configuration list for PBXNativeTarget "TH" */;
			buildPhases = (
				B73DFEBE1591C67A009E92BD /* Sources */,
				B73DFEBF1591C67A009E92BD /* Frameworks */,
				B73DFEC01591C67A009E92BD /* Resources */,
			);
			buildRules = (
			);
			dependencies = (
			);
			name = TH;
			productName = TH;
			productReference = B73DFEC21591C67A009E92BD /* TH.app */;
			productType = "com.apple.product-type.application";
		};
/* End PBXNativeTarget section */

/* Begin PBXProject section */
		B73DFEB91591C67A009E92BD /* Project object */ = {
			isa = PBXProject;
			attributes = {
				CLASSPREFIX = TH;
				LastUpgradeCheck = 0430;
				ORGANIZATIONNAME = BioApps;
			};
			buildConfigurationList = B73DFEBC1591C67A009E92BD /* Build configuration list for PBXProject "TH" */;
			compatibilityVersion = "Xcode 3.2";
			developmentRegion = English;
			hasScannedForEncodings = 0;
			knownRegions = (
				en,
			);
			mainGroup = B73DFEB71591C67A009E92BD;
			productRefGroup = B73DFEC31591C67A009E92BD /* Products */;
			projectDirPath = "";
			projectRoot = "";
			targets = (
				B73DFEC11591C67A009E92BD /* TH */,
			);
		};
/* End PBXProject section */

/* Begin PBXResourcesBuildPhase section */
		B73DFEC01591C67A009E92BD /* Resources */ = {
			isa = PBXResourcesBuildPhase;
			buildActionMask = 2147483647;
			files = (
				B73DFED11591C67A009E92BD /* InfoPlist.strings in Resources */,
				B73DFEDA1591C67A009E92BD /* MainStoryboard.storyboard in Resources */,
			);
			runOnlyForDeploymentPostprocessing = 0;
		};
/* End PBXResourcesBuildPhase section */

/* Begin PBXSourcesBuildPhase section */
		B73DFEBE1591C67A009E92BD /* Sources */ = {
			isa = PBXSourcesBuildPhase;
			buildActionMask = 2147483647;
			files = (
				B73DFED31591C67A009E92BD /* main.m in Sources */,
				B73DFED71591C67A009E92BD /* THAppDelegate.m in Sources */,
				B73DFEDD1591C67A009E92BD /* THViewController.m in Sources */,
				B73DFEEB1591C860009E92BD /* GCHelper.m in Sources */,
				B73DFEEE1591C8B8009E92BD /* GameController.m in Sources */,
				B73DFEF11591CA6D009E92BD /* Player.m in Sources */,
			);
			runOnlyForDeploymentPostprocessing = 0;
		};
/* End PBXSourcesBuildPhase section */

/* Begin PBXVariantGroup section */
		B73DFECF1591C67A009E92BD /* InfoPlist.strings */ = {
			isa = PBXVariantGroup;
			children = (
				B73DFED01591C67A009E92BD /* en */,
			);
			name = InfoPlist.strings;
			sourceTree = "<group>";
		};
		B73DFED81591C67A009E92BD /* MainStoryboard.storyboard */ = {
			isa = PBXVariantGroup;
			children = (
				B73DFED91591C67A009E92BD /* en */,
			);
			name = MainStoryboard.storyboard;
			sourceTree = "<group>";
		};
/* End PBXVariantGroup section */

/* Begin XCBuildConfiguration section */
		B73DFEDE1591C67A009E92BD /* Debug */ = {
			isa = XCBuildConfiguration;
			buildSettings = {
				ALWAYS_SEARCH_USER_PATHS = NO;
				ARCHS = "$(ARCHS_STANDARD_32_BIT)";
				CLANG_ENABLE_OBJC_ARC = YES;
				"CODE_SIGN_IDENTITY[sdk=iphoneos*]" = "iPhone Developer";
				COPY_PHASE_STRIP = NO;
				GCC_C_LANGUAGE_STANDARD = gnu99;
				GCC_DYNAMIC_NO_PIC = NO;
				GCC_OPTIMIZATION_LEVEL = 0;
				GCC_PREPROCESSOR_DEFINITIONS = (
					"DEBUG=1",
					"$(inherited)",
				);
				GCC_SYMBOLS_PRIVATE_EXTERN = NO;
				GCC_VERSION = com.apple.compilers.llvm.clang.1_0;
				GCC_WARN_ABOUT_RETURN_TYPE = YES;
				GCC_WARN_UNINITIALIZED_AUTOS = YES;
				GCC_WARN_UNUSED_VARIABLE = YES;
				IPHONEOS_DEPLOYMENT_TARGET = 5.1;
				SDKROOT = iphoneos;
			};
			name = Debug;
		};
		B73DFEDF1591C67A009E92BD /* Release */ = {
			isa = XCBuildConfiguration;
			buildSettings = {
				ALWAYS_SEARCH_USER_PATHS = NO;
				ARCHS = "$(ARCHS_STANDARD_32_BIT)";
				CLANG_ENABLE_OBJC_ARC = YES;
				"CODE_SIGN_IDENTITY[sdk=iphoneos*]" = "iPhone Developer";
				COPY_PHASE_STRIP = YES;
				GCC_C_LANGUAGE_STANDARD = gnu99;
				GCC_VERSION = com.apple.compilers.llvm.clang.1_0;
				GCC_WARN_ABOUT_RETURN_TYPE = YES;
				GCC_WARN_UNINITIALIZED_AUTOS = YES;
				GCC_WARN_UNUSED_VARIABLE = YES;
				IPHONEOS_DEPLOYMENT_TARGET = 5.1;
				OTHER_CFLAGS = "-DNS_BLOCK_ASSERTIONS=1";
				SDKROOT = iphoneos;
				VALIDATE_PRODUCT = YES;
			};
			name = Release;
		};
		B73DFEE11591C67A009E92BD /* Debug */ = {
			isa = XCBuildConfiguration;
			buildSettings = {
				GCC_PRECOMPILE_PREFIX_HEADER = YES;
				GCC_PREFIX_HEADER = "TH/TH-Prefix.pch";
				INFOPLIST_FILE = "TH/TH-Info.plist";
				PRODUCT_NAME = "$(TARGET_NAME)";
				WRAPPER_EXTENSION = app;
			};
			name = Debug;
		};
		B73DFEE21591C67A009E92BD /* Release */ = {
			isa = XCBuildConfiguration;
			buildSettings = {
				GCC_PRECOMPILE_PREFIX_HEADER = YES;
				GCC_PREFIX_HEADER = "TH/TH-Prefix.pch";
				INFOPLIST_FILE = "TH/TH-Info.plist";
				PRODUCT_NAME = "$(TARGET_NAME)";
				WRAPPER_EXTENSION = app;
			};
			name = Release;
		};
/* End XCBuildConfiguration section */

/* Begin XCConfigurationList section */
		B73DFEBC1591C67A009E92BD /* Build configuration list for PBXProject "TH" */ = {
			isa = XCConfigurationList;
			buildConfigurations = (
				B73DFEDE1591C67A009E92BD /* Debug */,
				B73DFEDF1591C67A009E92BD /* Release */,
			);
			defaultConfigurationIsVisible = 0;
			defaultConfigurationName = Release;
		};
		B73DFEE01591C67A009E92BD /* Build configuration list for PBXNativeTarget "TH" */ = {
			isa = XCConfigurationList;
			buildConfigurations = (
				B73DFEE11591C67A009E92BD /* Debug */,
				B73DFEE21591C67A009E92BD /* Release */,
			);
			defaultConfigurationIsVisible = 0;
		};
/* End XCConfigurationList section */
	};
	rootObject = B73DFEB91591C67A009E92BD /* Project object */;
}
